github.com/emersion/go-ical v0.0.0-20250609112844-439c63cef608 h1:5XWaET4YAcppq3l1/Yh2ay5VmQjUdq6qhJuucdGbmOY=
github.com/emersion/go-ical v0.0.0-20250609112844-439c63cef608/go.mod h1:BEksegNspIkjCQfmzWgsgbu6KdeJ/4LwUZs7DMBzjzw=
github.com/emersion/go-vcard v0.0.0-20241024213814-c9703dde27ff/go.mod h1:HMJKR5wlh/ziNp+sHEDV2ltblO4JD2+IdDOWtGcQBTM=
github.com/emersion/go-webdav v0.7.1-0.20251221121406-1916c2d907e8 h1:C59ym3s2PvfaDILwD82fICK9N/j+cISCjZYbX7THFAw=
github.com/emersion/go-webdav v0.7.1-0.20251221121406-1916c2d907e8/go.mod h1:/CletBm2Vo0CX6I20VQsoRkkX1CzzNCK1PNCqKW//iQ=
github.com/go-telegram-bot-api/telegram-bot-api/v5 v5.5.1 h1:wG8n/XJQ07TmjbITcGiUaOtXxdrINDz1b0J1w0SzqDc=
github.com/go-telegram-bot-api/telegram-bot-api/v5 v5.5.1/go.mod h1:A2S0CWkNylc2phvKXWBBdD3K0iGnDBGbzRpISP2zBl8=
github.com/mattn/go-sqlite3 v1.14.24 h1:tpSp2G2KyMnnQu99ngJ47EIkWVmliIizyZBfPrBWDRM=
github.com/mattn/go-sqlite3 v1.14.24/go.mod h1:Uh1q+B4BYcTPb+yiD3kU8Ct7aC0hY9fxUwlHK0RXw+Y=
github.com/robfig/cron/v3 v3.0.1 h1:WdRxkvbJztn8LMz/QEvLN5sBU+xKpSqwwUO1Pjr4qDs=
github.com/robfig/cron/v3 v3.0.1/go.mod h1:eQICP3HwyT7UooqI/z+Ov+PtYAWygg1TEWWzGIFLtro=
github.com/teambition/rrule-go v1.8.2 h1:lIjpjvWTj9fFUZCmuoVDrKVOtdiyzbzc93qTmRVe/J8=
github.com/teambition/rrule-go v1.8.2/go.mod h1:Ieq5AbrKGciP1V//Wq8ktsTXwSwJHDD5mD/wLBGl3p4=
